
Microsoft Visual Studio Solution File, Format Version 12.00
# Visual Studio Version 16
VisualStudioVersion = 16.0.29215.179
MinimumVisualStudioVersion = 10.0.40219.1
Project("{FAE04EC0-301F-11D3-BF4B-00C04F79EFBC}") = "TrillSGX", "TrillSGX\TrillSGX.csproj", "{8ED70ED4-8A08-49ED-9F1D-1042797B2477}"
	ProjectSection(ProjectDependencies) = postProject
		{83AC0761-3CF9-41E1-866B-9FD9CBA3C167} = {83AC0761-3CF9-41E1-866B-9FD9CBA3C167}
	EndProjectSection
EndProject
Project("{8BC9CEB8-8B4A-11D0-8D11-00A0C91BC942}") = "TrillSGXWindowsEnclave", "TrillSGXWindowsEnclave\TrillSGXWindowsEnclave.vcxproj", "{83AC0761-3CF9-41E1-866B-9FD9CBA3C167}"
EndProject
Global
	GlobalSection(SolutionConfigurationPlatforms) = preSolution
		Debug|Any CPU = Debug|Any CPU
		Debug|x64 = Debug|x64
		Debug|x86 = Debug|x86
		Release|Any CPU = Release|Any CPU
		Release|x64 = Release|x64
		Release|x86 = Release|x86
	EndGlobalSection
	GlobalSection(ProjectConfigurationPlatforms) = postSolution
		{8ED70ED4-8A08-49ED-9F1D-1042797B2477}.Debug|Any CPU.ActiveCfg = Debug|Any CPU
		{8ED70ED4-8A08-49ED-9F1D-1042797B2477}.Debug|Any CPU.Build.0 = Debug|Any CPU
		{8ED70ED4-8A08-49ED-9F1D-1042797B2477}.Debug|x64.ActiveCfg = Debug|Any CPU
		{8ED70ED4-8A08-49ED-9F1D-1042797B2477}.Debug|x64.Build.0 = Debug|Any CPU
		{8ED70ED4-8A08-49ED-9F1D-1042797B2477}.Debug|x86.ActiveCfg = Debug|Any CPU
		{8ED70ED4-8A08-49ED-9F1D-1042797B2477}.Debug|x86.Build.0 = Debug|Any CPU
		{8ED70ED4-8A08-49ED-9F1D-1042797B2477}.Release|Any CPU.ActiveCfg = Release|Any CPU
		{8ED70ED4-8A08-49ED-9F1D-1042797B2477}.Release|Any CPU.Build.0 = Release|Any CPU
		{8ED70ED4-8A08-49ED-9F1D-1042797B2477}.Release|x64.ActiveCfg = Release|Any CPU
		{8ED70ED4-8A08-49ED-9F1D-1042797B2477}.Release|x64.Build.0 = Release|Any CPU
		{8ED70ED4-8A08-49ED-9F1D-1042797B2477}.Release|x86.ActiveCfg = Release|Any CPU
		{8ED70ED4-8A08-49ED-9F1D-1042797B2477}.Release|x86.Build.0 = Release|Any CPU
		{83AC0761-3CF9-41E1-866B-9FD9CBA3C167}.Debug|Any CPU.ActiveCfg = Debug|x64
		{83AC0761-3CF9-41E1-866B-9FD9CBA3C167}.Debug|Any CPU.Build.0 = Debug|x64
		{83AC0761-3CF9-41E1-866B-9FD9CBA3C167}.Debug|x64.ActiveCfg = Debug|x64
		{83AC0761-3CF9-41E1-866B-9FD9CBA3C167}.Debug|x64.Build.0 = Debug|x64
		{83AC0761-3CF9-41E1-866B-9FD9CBA3C167}.Debug|x86.ActiveCfg = Debug|Win32
		{83AC0761-3CF9-41E1-866B-9FD9CBA3C167}.Debug|x86.Build.0 = Debug|Win32
		{83AC0761-3CF9-41E1-866B-9FD9CBA3C167}.Release|Any CPU.ActiveCfg = Release|Win32
		{83AC0761-3CF9-41E1-866B-9FD9CBA3C167}.Release|x64.ActiveCfg = Release|x64
		{83AC0761-3CF9-41E1-866B-9FD9CBA3C167}.Release|x64.Build.0 = Release|x64
		{83AC0761-3CF9-41E1-866B-9FD9CBA3C167}.Release|x86.ActiveCfg = Release|Win32
		{83AC0761-3CF9-41E1-866B-9FD9CBA3C167}.Release|x86.Build.0 = Release|Win32
	EndGlobalSection
	GlobalSection(SolutionProperties) = preSolution
		HideSolutionNode = FALSE
	EndGlobalSection
	GlobalSection(ExtensibilityGlobals) = postSolution
		SolutionGuid = {635A09FE-060F-49E5-89CB-3BA62FA19F71}
	EndGlobalSection
EndGlobal
